
Microsoft Visual Studio Solution File, Format Version 12.00
# Visual Studio Version 17
VisualStudioVersion = 17.10.35013.160
MinimumVisualStudioVersion = 10.0.40219.1
Project("{9A19103F-16F7-4668-BE54-9A1E7A4F7556}") = "Task2", "TestProject\Task2.csproj", "{B631E937-B456-405C-AECF-EA5BD049AE43}"
EndProject
Project("{9A19103F-16F7-4668-BE54-9A1E7A4F7556}") = "Task3", "ApiProject\Task3.csproj", "{F4745665-DEBE-4A5A-A821-A47982958E04}"
EndProject
Project("{9A19103F-16F7-4668-BE54-9A1E7A4F7556}") = "Task1", "MainProject\Task1.csproj", "{1A32DF5D-71B9-4ECC-AD37-81BEFAA475EB}"
EndProject
Global
	GlobalSection(SolutionConfigurationPlatforms) = preSolution
		Debug|Any CPU = Debug|Any CPU
		Release|Any CPU = Release|Any CPU
	EndGlobalSection
	GlobalSection(ProjectConfigurationPlatforms) = postSolution
		{B631E937-B456-405C-AECF-EA5BD049AE43}.Debug|Any CPU.ActiveCfg = Debug|Any CPU
		{B631E937-B456-405C-AECF-EA5BD049AE43}.Debug|Any CPU.Build.0 = Debug|Any CPU
		{B631E937-B456-405C-AECF-EA5BD049AE43}.Release|Any CPU.ActiveCfg = Release|Any CPU
		{B631E937-B456-405C-AECF-EA5BD049AE43}.Release|Any CPU.Build.0 = Release|Any CPU
		{F4745665-DEBE-4A5A-A821-A47982958E04}.Debug|Any CPU.ActiveCfg = Debug|Any CPU
		{F4745665-DEBE-4A5A-A821-A47982958E04}.Debug|Any CPU.Build.0 = Debug|Any CPU
		{F4745665-DEBE-4A5A-A821-A47982958E04}.Release|Any CPU.ActiveCfg = Release|Any CPU
		{F4745665-DEBE-4A5A-A821-A47982958E04}.Release|Any CPU.Build.0 = Release|Any CPU
		{1A32DF5D-71B9-4ECC-AD37-81BEFAA475EB}.Debug|Any CPU.ActiveCfg = Debug|Any CPU
		{1A32DF5D-71B9-4ECC-AD37-81BEFAA475EB}.Debug|Any CPU.Build.0 = Debug|Any CPU
		{1A32DF5D-71B9-4ECC-AD37-81BEFAA475EB}.Release|Any CPU.ActiveCfg = Release|Any CPU
		{1A32DF5D-71B9-4ECC-AD37-81BEFAA475EB}.Release|Any CPU.Build.0 = Release|Any CPU
	EndGlobalSection
	GlobalSection(SolutionProperties) = preSolution
		HideSolutionNode = FALSE
	EndGlobalSection
	GlobalSection(ExtensibilityGlobals) = postSolution
		SolutionGuid = {1585CF33-1D11-4C0C-BCFE-AA05509AF030}
	EndGlobalSection
EndGlobal
